// !$*UTF8*$!
{
	archiveVersion = 1;
	classes = {
	};
	objectVersion = 46;
	objects = {

/* Begin PBXBuildFile section */
		F50D426D1AB6065600704B64 /* TheBeatlesLibrary.swift in Sources */ = {isa = PBXBuildFile; fileRef = F50D426C1AB6065600704B64 /* TheBeatlesLibrary.swift */; };
		F5181C1E1AB3F32F00995C32 /* AppDelegate.swift in Sources */ = {isa = PBXBuildFile; fileRef = F5181C1D1AB3F32F00995C32 /* AppDelegate.swift */; };
		F5181C231AB3F32F00995C32 /* Main.storyboard in Resources */ = {isa = PBXBuildFile; fileRef = F5181C211AB3F32F00995C32 /* Main.storyboard */; };
		F5181C251AB3F32F00995C32 /* Images.xcassets in Resources */ = {isa = PBXBuildFile; fileRef = F5181C241AB3F32F00995C32 /* Images.xcassets */; };
		F5181C281AB3F32F00995C32 /* LaunchScreen.xib in Resources */ = {isa = PBXBuildFile; fileRef = F5181C261AB3F32F00995C32 /* LaunchScreen.xib */; };
		F5181C341AB3F33000995C32 /* PlaylistTests.swift in Sources */ = {isa = PBXBuildFile; fileRef = F5181C331AB3F32F00995C32 /* PlaylistTests.swift */; };
		F54A8D1A1ABCD505003FF2F4 /* Album.swift in Sources */ = {isa = PBXBuildFile; fileRef = F54A8D191ABCD505003FF2F4 /* Album.swift */; };
		F574C5301ABCE729008375C8 /* AlbumViewController.swift in Sources */ = {isa = PBXBuildFile; fileRef = F574C52F1ABCE729008375C8 /* AlbumViewController.swift */; };
		F585A7191AB4AD63008F2C45 /* PlaylistViewController.swift in Sources */ = {isa = PBXBuildFile; fileRef = F585A7181AB4AD63008F2C45 /* PlaylistViewController.swift */; };
/* End PBXBuildFile section */

/* Begin PBXContainerItemProxy section */
		F5181C2E1AB3F32F00995C32 /* PBXContainerItemProxy */ = {
			isa = PBXContainerItemProxy;
			containerPortal = F5181C101AB3F32F00995C32 /* Project object */;
			proxyType = 1;
			remoteGlobalIDString = F5181C171AB3F32F00995C32;
			remoteInfo = Playlist;
		};
/* End PBXContainerItemProxy section */

/* Begin PBXFileReference section */
		F50D426C1AB6065600704B64 /* TheBeatlesLibrary.swift */ = {isa = PBXFileReference; fileEncoding = 4; lastKnownFileType = sourcecode.swift; path = TheBeatlesLibrary.swift; sourceTree = "<group>"; };
		F5181C181AB3F32F00995C32 /* Playlist.app */ = {isa = PBXFileReference; explicitFileType = wrapper.application; includeInIndex = 0; path = Playlist.app; sourceTree = BUILT_PRODUCTS_DIR; };
		F5181C1C1AB3F32F00995C32 /* Info.plist */ = {isa = PBXFileReference; lastKnownFileType = text.plist.xml; path = Info.plist; sourceTree = "<group>"; };
		F5181C1D1AB3F32F00995C32 /* AppDelegate.swift */ = {isa = PBXFileReference; lastKnownFileType = sourcecode.swift; path = AppDelegate.swift; sourceTree = "<group>"; };
		F5181C221AB3F32F00995C32 /* Base */ = {isa = PBXFileReference; lastKnownFileType = file.storyboard; name = Base; path = Base.lproj/Main.storyboard; sourceTree = "<group>"; };
		F5181C241AB3F32F00995C32 /* Images.xcassets */ = {isa = PBXFileReference; lastKnownFileType = folder.assetcatalog; path = Images.xcassets; sourceTree = "<group>"; };
		F5181C271AB3F32F00995C32 /* Base */ = {isa = PBXFileReference; lastKnownFileType = file.xib; name = Base; path = Base.lproj/LaunchScreen.xib; sourceTree = "<group>"; };
		F5181C2D1AB3F32F00995C32 /* PlaylistTests.xctest */ = {isa = PBXFileReference; explicitFileType = wrapper.cfbundle; includeInIndex = 0; path = PlaylistTests.xctest; sourceTree = BUILT_PRODUCTS_DIR; };
		F5181C321AB3F32F00995C32 /* Info.plist */ = {isa = PBXFileReference; lastKnownFileType = text.plist.xml; path = Info.plist; sourceTree = "<group>"; };
		F5181C331AB3F32F00995C32 /* PlaylistTests.swift */ = {isa = PBXFileReference; lastKnownFileType = sourcecode.swift; path = PlaylistTests.swift; sourceTree = "<group>"; };
		F54A8D191ABCD505003FF2F4 /* Album.swift */ = {isa = PBXFileReference; fileEncoding = 4; lastKnownFileType = sourcecode.swift; path = Album.swift; sourceTree = "<group>"; };
		F574C52F1ABCE729008375C8 /* AlbumViewController.swift */ = {isa = PBXFileReference; fileEncoding = 4; lastKnownFileType = sourcecode.swift; path = AlbumViewController.swift; sourceTree = "<group>"; };
		F585A7181AB4AD63008F2C45 /* PlaylistViewController.swift */ = {isa = PBXFileReference; fileEncoding = 4; lastKnownFileType = sourcecode.swift; path = PlaylistViewController.swift; sourceTree = "<group>"; };
/* End PBXFileReference section */

/* Begin PBXFrameworksBuildPhase section */
		F5181C151AB3F32F00995C32 /* Frameworks */ = {
			isa = PBXFrameworksBuildPhase;
			buildActionMask = 2147483647;
			files = (
			);
			runOnlyForDeploymentPostprocessing = 0;
		};
		F5181C2A1AB3F32F00995C32 /* Frameworks */ = {
			isa = PBXFrameworksBuildPhase;
			buildActionMask = 2147483647;
			files = (
			);
			runOnlyForDeploymentPostprocessing = 0;
		};
/* End PBXFrameworksBuildPhase section */

/* Begin PBXGroup section */
		F50D426E1AB6068B00704B64 /* Controller */ = {
			isa = PBXGroup;
			children = (
				F574C52F1ABCE729008375C8 /* AlbumViewController.swift */,
				F585A7181AB4AD63008F2C45 /* PlaylistViewController.swift */,
			);
			name = Controller;
			sourceTree = "<group>";
		};
		F50D426F1AB6069500704B64 /* Model */ = {
			isa = PBXGroup;
			children = (
				F54A8D191ABCD505003FF2F4 /* Album.swift */,
				F50D426C1AB6065600704B64 /* TheBeatlesLibrary.swift */,
			);
			name = Model;
			sourceTree = "<group>";
		};
		F5181C0F1AB3F32F00995C32 = {
			isa = PBXGroup;
			children = (
				F5181C1A1AB3F32F00995C32 /* Playlist */,
				F5181C301AB3F32F00995C32 /* PlaylistTests */,
				F5181C191AB3F32F00995C32 /* Products */,
			);
			sourceTree = "<group>";
		};
		F5181C191AB3F32F00995C32 /* Products */ = {
			isa = PBXGroup;
			children = (
				F5181C181AB3F32F00995C32 /* Playlist.app */,
				F5181C2D1AB3F32F00995C32 /* PlaylistTests.xctest */,
			);
			name = Products;
			sourceTree = "<group>";
		};
		F5181C1A1AB3F32F00995C32 /* Playlist */ = {
			isa = PBXGroup;
			children = (
				F5181C1D1AB3F32F00995C32 /* AppDelegate.swift */,
				F5181C211AB3F32F00995C32 /* Main.storyboard */,
				F50D426E1AB6068B00704B64 /* Controller */,
				F50D426F1AB6069500704B64 /* Model */,
				F5181C241AB3F32F00995C32 /* Images.xcassets */,
				F5181C261AB3F32F00995C32 /* LaunchScreen.xib */,
				F5181C1B1AB3F32F00995C32 /* Supporting Files */,
			);
			path = Playlist;
			sourceTree = "<group>";
		};
		F5181C1B1AB3F32F00995C32 /* Supporting Files */ = {
			isa = PBXGroup;
			children = (
				F5181C1C1AB3F32F00995C32 /* Info.plist */,
			);
			name = "Supporting Files";
			sourceTree = "<group>";
		};
		F5181C301AB3F32F00995C32 /* PlaylistTests */ = {
			isa = PBXGroup;
			children = (
				F5181C331AB3F32F00995C32 /* PlaylistTests.swift */,
				F5181C311AB3F32F00995C32 /* Supporting Files */,
			);
			path = PlaylistTests;
			sourceTree = "<group>";
		};
		F5181C311AB3F32F00995C32 /* Supporting Files */ = {
			isa = PBXGroup;
			children = (
				F5181C321AB3F32F00995C32 /* Info.plist */,
			);
			name = "Supporting Files";
			sourceTree = "<group>";
		};
/* End PBXGroup section */

/* Begin PBXNativeTarget section */
		F5181C171AB3F32F00995C32 /* Playlist */ = {
			isa = PBXNativeTarget;
			buildConfigurationList = F5181C371AB3F33000995C32 /* Build configuration list for PBXNativeTarget "Playlist" */;
			buildPhases = (
				F5181C141AB3F32F00995C32 /* Sources */,
				F5181C151AB3F32F00995C32 /* Frameworks */,
				F5181C161AB3F32F00995C32 /* Resources */,
			);
			buildRules = (
			);
			dependencies = (
			);
			name = Playlist;
			productName = Playlist;
			productReference = F5181C181AB3F32F00995C32 /* Playlist.app */;
			productType = "com.apple.product-type.application";
		};
		F5181C2C1AB3F32F00995C32 /* PlaylistTests */ = {
			isa = PBXNativeTarget;
			buildConfigurationList = F5181C3A1AB3F33000995C32 /* Build configuration list for PBXNativeTarget "PlaylistTests" */;
			buildPhases = (
				F5181C291AB3F32F00995C32 /* Sources */,
				F5181C2A1AB3F32F00995C32 /* Frameworks */,
				F5181C2B1AB3F32F00995C32 /* Resources */,
			);
			buildRules = (
			);
			dependencies = (
				F5181C2F1AB3F32F00995C32 /* PBXTargetDependency */,
			);
			name = PlaylistTests;
			productName = PlaylistTests;
			productReference = F5181C2D1AB3F32F00995C32 /* PlaylistTests.xctest */;
			productType = "com.apple.product-type.bundle.unit-test";
		};
/* End PBXNativeTarget section */

/* Begin PBXProject section */
		F5181C101AB3F32F00995C32 /* Project object */ = {
			isa = PBXProject;
			attributes = {
				LastUpgradeCheck = 0610;
				ORGANIZATIONNAME = "Duc Tran";
				TargetAttributes = {
					F5181C171AB3F32F00995C32 = {
						CreatedOnToolsVersion = 6.1.1;
					};
					F5181C2C1AB3F32F00995C32 = {
						CreatedOnToolsVersion = 6.1.1;
						TestTargetID = F5181C171AB3F32F00995C32;
					};
				};
			};
			buildConfigurationList = F5181C131AB3F32F00995C32 /* Build configuration list for PBXProject "Playlist" */;
			compatibilityVersion = "Xcode 3.2";
			developmentRegion = English;
			hasScannedForEncodings = 0;
			knownRegions = (
				en,
				Base,
			);
			mainGroup = F5181C0F1AB3F32F00995C32;
			productRefGroup = F5181C191AB3F32F00995C32 /* Products */;
			projectDirPath = "";
			projectRoot = "";
			targets = (
				F5181C171AB3F32F00995C32 /* Playlist */,
				F5181C2C1AB3F32F00995C32 /* PlaylistTests */,
			);
		};
/* End PBXProject section */

/* Begin PBXResourcesBuildPhase section */
		F5181C161AB3F32F00995C32 /* Resources */ = {
			isa = PBXResourcesBuildPhase;
			buildActionMask = 2147483647;
			files = (
				F5181C231AB3F32F00995C32 /* Main.storyboard in Resources */,
				F5181C281AB3F32F00995C32 /* LaunchScreen.xib in Resources */,
				F5181C251AB3F32F00995C32 /* Images.xcassets in Resources */,
			);
			runOnlyForDeploymentPostprocessing = 0;
		};
		F5181C2B1AB3F32F00995C32 /* Resources */ = {
			isa = PBXResourcesBuildPhase;
			buildActionMask = 2147483647;
			files = (
			);
			runOnlyForDeploymentPostprocessing = 0;
		};
/* End PBXResourcesBuildPhase section */

/* Begin PBXSourcesBuildPhase section */
		F5181C141AB3F32F00995C32 /* Sources */ = {
			isa = PBXSourcesBuildPhase;
			buildActionMask = 2147483647;
			files = (
				F585A7191AB4AD63008F2C45 /* PlaylistViewController.swift in Sources */,
				F574C5301ABCE729008375C8 /* AlbumViewController.swift in Sources */,
				F50D426D1AB6065600704B64 /* TheBeatlesLibrary.swift in Sources */,
				F5181C1E1AB3F32F00995C32 /* AppDelegate.swift in Sources */,
				F54A8D1A1ABCD505003FF2F4 /* Album.swift in Sources */,
			);
			runOnlyForDeploymentPostprocessing = 0;
		};
		F5181C291AB3F32F00995C32 /* Sources */ = {
			isa = PBXSourcesBuildPhase;
			buildActionMask = 2147483647;
			files = (
				F5181C341AB3F33000995C32 /* PlaylistTests.swift in Sources */,
			);
			runOnlyForDeploymentPostprocessing = 0;
		};
/* End PBXSourcesBuildPhase section */

/* Begin PBXTargetDependency section */
		F5181C2F1AB3F32F00995C32 /* PBXTargetDependency */ = {
			isa = PBXTargetDependency;
			target = F5181C171AB3F32F00995C32 /* Playlist */;
			targetProxy = F5181C2E1AB3F32F00995C32 /* PBXContainerItemProxy */;
		};
/* End PBXTargetDependency section */

/* Begin PBXVariantGroup section */
		F5181C211AB3F32F00995C32 /* Main.storyboard */ = {
			isa = PBXVariantGroup;
			children = (
				F5181C221AB3F32F00995C32 /* Base */,
			);
			name = Main.storyboard;
			sourceTree = "<group>";
		};
		F5181C261AB3F32F00995C32 /* LaunchScreen.xib */ = {
			isa = PBXVariantGroup;
			children = (
				F5181C271AB3F32F00995C32 /* Base */,
			);
			name = LaunchScreen.xib;
			sourceTree = "<group>";
		};
/* End PBXVariantGroup section */

/* Begin XCBuildConfiguration section */
		F5181C351AB3F33000995C32 /* Debug */ = {
			isa = XCBuildConfiguration;
			buildSettings = {
				ALWAYS_SEARCH_USER_PATHS = NO;
				CLANG_CXX_LANGUAGE_STANDARD = "gnu++0x";
				CLANG_CXX_LIBRARY = "libc++";
				CLANG_ENABLE_MODULES = YES;
				CLANG_ENABLE_OBJC_ARC = YES;
				CLANG_WARN_BOOL_CONVERSION = YES;
				CLANG_WARN_CONSTANT_CONVERSION = YES;
				CLANG_WARN_DIRECT_OBJC_ISA_USAGE = YES_ERROR;
				CLANG_WARN_EMPTY_BODY = YES;
				CLANG_WARN_ENUM_CONVERSION = YES;
				CLANG_WARN_INT_CONVERSION = YES;
				CLANG_WARN_OBJC_ROOT_CLASS = YES_ERROR;
				CLANG_WARN_UNREACHABLE_CODE = YES;
				CLANG_WARN__DUPLICATE_METHOD_MATCH = YES;
				"CODE_SIGN_IDENTITY[sdk=iphoneos*]" = "iPhone Developer";
				COPY_PHASE_STRIP = NO;
				ENABLE_STRICT_OBJC_MSGSEND = YES;
				GCC_C_LANGUAGE_STANDARD = gnu99;
				GCC_DYNAMIC_NO_PIC = NO;
				GCC_OPTIMIZATION_LEVEL = 0;
				GCC_PREPROCESSOR_DEFINITIONS = (
					"DEBUG=1",
					"$(inherited)",
				);
				GCC_SYMBOLS_PRIVATE_EXTERN = NO;
				GCC_WARN_64_TO_32_BIT_CONVERSION = YES;
				GCC_WARN_ABOUT_RETURN_TYPE = YES_ERROR;
				GCC_WARN_UNDECLARED_SELECTOR = YES;
				GCC_WARN_UNINITIALIZED_AUTOS = YES_AGGRESSIVE;
				GCC_WARN_UNUSED_FUNCTION = YES;
				GCC_WARN_UNUSED_VARIABLE = YES;
				IPHONEOS_DEPLOYMENT_TARGET = 8.1;
				MTL_ENABLE_DEBUG_INFO = YES;
				ONLY_ACTIVE_ARCH = YES;
				SDKROOT = iphoneos;
				SWIFT_OPTIMIZATION_LEVEL = "-Onone";
			};
			name = Debug;
		};
		F5181C361AB3F33000995C32 /* Release */ = {
			isa = XCBuildConfiguration;
			buildSettings = {
				ALWAYS_SEARCH_USER_PATHS = NO;
				CLANG_CXX_LANGUAGE_STANDARD = "gnu++0x";
				CLANG_CXX_LIBRARY = "libc++";
				CLANG_ENABLE_MODULES = YES;
				CLANG_ENABLE_OBJC_ARC = YES;
				CLANG_WARN_BOOL_CONVERSION = YES;
				CLANG_WARN_CONSTANT_CONVERSION = YES;
				CLANG_WARN_DIRECT_OBJC_ISA_USAGE = YES_ERROR;
				CLANG_WARN_EMPTY_BODY = YES;
				CLANG_WARN_ENUM_CONVERSION = YES;
				CLANG_WARN_INT_CONVERSION = YES;
				CLANG_WARN_OBJC_ROOT_CLASS = YES_ERROR;
				CLANG_WARN_UNREACHABLE_CODE = YES;
				CLANG_WARN__DUPLICATE_METHOD_MATCH = YES;
				"CODE_SIGN_IDENTITY[sdk=iphoneos*]" = "iPhone Developer";
				COPY_PHASE_STRIP = YES;
				ENABLE_NS_ASSERTIONS = NO;
				ENABLE_STRICT_OBJC_MSGSEND = YES;
				GCC_C_LANGUAGE_STANDARD = gnu99;
				GCC_WARN_64_TO_32_BIT_CONVERSION = YES;
				GCC_WARN_ABOUT_RETURN_TYPE = YES_ERROR;
				GCC_WARN_UNDECLARED_SELECTOR = YES;
				GCC_WARN_UNINITIALIZED_AUTOS = YES_AGGRESSIVE;
				GCC_WARN_UNUSED_FUNCTION = YES;
				GCC_WARN_UNUSED_VARIABLE = YES;
				IPHONEOS_DEPLOYMENT_TARGET = 8.1;
				MTL_ENABLE_DEBUG_INFO = NO;
				SDKROOT = iphoneos;
				VALIDATE_PRODUCT = YES;
			};
			name = Release;
		};
		F5181C381AB3F33000995C32 /* Debug */ = {
			isa = XCBuildConfiguration;
			buildSettings = {
				ASSETCATALOG_COMPILER_APPICON_NAME = AppIcon;
				INFOPLIST_FILE = Playlist/Info.plist;
				LD_RUNPATH_SEARCH_PATHS = "$(inherited) @executable_path/Frameworks";
				PRODUCT_NAME = "$(TARGET_NAME)";
			};
			name = Debug;
		};
		F5181C391AB3F33000995C32 /* Release */ = {
			isa = XCBuildConfiguration;
			buildSettings = {
				ASSETCATALOG_COMPILER_APPICON_NAME = AppIcon;
				INFOPLIST_FILE = Playlist/Info.plist;
				LD_RUNPATH_SEARCH_PATHS = "$(inherited) @executable_path/Frameworks";
				PRODUCT_NAME = "$(TARGET_NAME)";
			};
			name = Release;
		};
		F5181C3B1AB3F33000995C32 /* Debug */ = {
			isa = XCBuildConfiguration;
			buildSettings = {
				BUNDLE_LOADER = "$(TEST_HOST)";
				FRAMEWORK_SEARCH_PATHS = (
					"$(SDKROOT)/Developer/Library/Frameworks",
					"$(inherited)",
				);
				GCC_PREPROCESSOR_DEFINITIONS = (
					"DEBUG=1",
					"$(inherited)",
				);
				INFOPLIST_FILE = PlaylistTests/Info.plist;
				LD_RUNPATH_SEARCH_PATHS = "$(inherited) @executable_path/Frameworks @loader_path/Frameworks";
				PRODUCT_NAME = "$(TARGET_NAME)";
				TEST_HOST = "$(BUILT_PRODUCTS_DIR)/Playlist.app/Playlist";
			};
			name = Debug;
		};
		F5181C3C1AB3F33000995C32 /* Release */ = {
			isa = XCBuildConfiguration;
			buildSettings = {
				BUNDLE_LOADER = "$(TEST_HOST)";
				FRAMEWORK_SEARCH_PATHS = (
					"$(SDKROOT)/Developer/Library/Frameworks",
					"$(inherited)",
				);
				INFOPLIST_FILE = PlaylistTests/Info.plist;
				LD_RUNPATH_SEARCH_PATHS = "$(inherited) @executable_path/Frameworks @loader_path/Frameworks";
				PRODUCT_NAME = "$(TARGET_NAME)";
				TEST_HOST = "$(BUILT_PRODUCTS_DIR)/Playlist.app/Playlist";
			};
			name = Release;
		};
/* End XCBuildConfiguration section */

/* Begin XCConfigurationList section */
		F5181C131AB3F32F00995C32 /* Build configuration list for PBXProject "Playlist" */ = {
			isa = XCConfigurationList;
			buildConfigurations = (
				F5181C351AB3F33000995C32 /* Debug */,
				F5181C361AB3F33000995C32 /* Release */,
			);
			defaultConfigurationIsVisible = 0;
			defaultConfigurationName = Release;
		};
		F5181C371AB3F33000995C32 /* Build configuration list for PBXNativeTarget "Playlist" */ = {
			isa = XCConfigurationList;
			buildConfigurations = (
				F5181C381AB3F33000995C32 /* Debug */,
				F5181C391AB3F33000995C32 /* Release */,
			);
			defaultConfigurationIsVisible = 0;
			defaultConfigurationName = Release;
		};
		F5181C3A1AB3F33000995C32 /* Build configuration list for PBXNativeTarget "PlaylistTests" */ = {
			isa = XCConfigurationList;
			buildConfigurations = (
				F5181C3B1AB3F33000995C32 /* Debug */,
				F5181C3C1AB3F33000995C32 /* Release */,
			);
			defaultConfigurationIsVisible = 0;
			defaultConfigurationName = Release;
		};
/* End XCConfigurationList section */
	};
	rootObject = F5181C101AB3F32F00995C32 /* Project object */;
}
